// !$*UTF8*$!
{
	archiveVersion = 1;
	classes = {
	};
	objectVersion = 50;
	objects = {

/* Begin PBXBuildFile section */
		32441B25F3727DAFB1E6E130 /* libPods-MobIndustry_TestProjectTests.a in Frameworks */ = {isa = PBXBuildFile; fileRef = 9C3664BCB3B403E0B340E444 /* libPods-MobIndustry_TestProjectTests.a */; };
		483A69CF2118C161007B3B66 /* AppDelegate.m in Sources */ = {isa = PBXBuildFile; fileRef = 483A69CE2118C161007B3B66 /* AppDelegate.m */; };
		483A69D52118C161007B3B66 /* Main.storyboard in Resources */ = {isa = PBXBuildFile; fileRef = 483A69D32118C161007B3B66 /* Main.storyboard */; };
		483A69D72118C163007B3B66 /* Assets.xcassets in Resources */ = {isa = PBXBuildFile; fileRef = 483A69D62118C163007B3B66 /* Assets.xcassets */; };
		483A69DA2118C163007B3B66 /* LaunchScreen.storyboard in Resources */ = {isa = PBXBuildFile; fileRef = 483A69D82118C163007B3B66 /* LaunchScreen.storyboard */; };
		483A69DD2118C163007B3B66 /* main.m in Sources */ = {isa = PBXBuildFile; fileRef = 483A69DC2118C163007B3B66 /* main.m */; };
		483A69E72118C163007B3B66 /* MobIndustry_TestProjectTests.m in Sources */ = {isa = PBXBuildFile; fileRef = 483A69E62118C163007B3B66 /* MobIndustry_TestProjectTests.m */; };
		483A69F22118C163007B3B66 /* MobIndustry_TestProjectUITests.m in Sources */ = {isa = PBXBuildFile; fileRef = 483A69F12118C163007B3B66 /* MobIndustry_TestProjectUITests.m */; };
		483A6A002118CEE9007B3B66 /* cars.json in Resources */ = {isa = PBXBuildFile; fileRef = 483A69FF2118CEE9007B3B66 /* cars.json */; };
		483A6A022118CEF3007B3B66 /* TestTask.txt in Resources */ = {isa = PBXBuildFile; fileRef = 483A6A012118CEF3007B3B66 /* TestTask.txt */; };
		483A6A052118D599007B3B66 /* MICarList_VC.m in Sources */ = {isa = PBXBuildFile; fileRef = 483A6A042118D599007B3B66 /* MICarList_VC.m */; };
		483A6A082118D5B4007B3B66 /* MICarList_Presenter.m in Sources */ = {isa = PBXBuildFile; fileRef = 483A6A072118D5B4007B3B66 /* MICarList_Presenter.m */; };
		483A6A0B2118D5C6007B3B66 /* MICarList_Model.m in Sources */ = {isa = PBXBuildFile; fileRef = 483A6A0A2118D5C6007B3B66 /* MICarList_Model.m */; };
		483A6A172118D774007B3B66 /* MICarListTVCell.m in Sources */ = {isa = PBXBuildFile; fileRef = 483A6A162118D774007B3B66 /* MICarListTVCell.m */; };
		483A6A192119091F007B3B66 /* README.md in Resources */ = {isa = PBXBuildFile; fileRef = 483A6A182119091F007B3B66 /* README.md */; };
		8BD3A9C42119A50700DCF9CC /* MICarList_DBAModel.m in Sources */ = {isa = PBXBuildFile; fileRef = 8BD3A9C32119A50700DCF9CC /* MICarList_DBAModel.m */; };
		CAD304FB59BDC6ACFDB8489B /* libPods-MobIndustry_TestProject.a in Frameworks */ = {isa = PBXBuildFile; fileRef = A3F7E39A5AE99E35617E0FF1 /* libPods-MobIndustry_TestProject.a */; };
		E558369D916D21B83D029823 /* libPods-MobIndustry_TestProjectUITests.a in Frameworks */ = {isa = PBXBuildFile; fileRef = 975CC322E070C97919EF1621 /* libPods-MobIndustry_TestProjectUITests.a */; };
/* End PBXBuildFile section */

/* Begin PBXContainerItemProxy section */
		483A69E32118C163007B3B66 /* PBXContainerItemProxy */ = {
			isa = PBXContainerItemProxy;
			containerPortal = 483A69C22118C161007B3B66 /* Project object */;
			proxyType = 1;
			remoteGlobalIDString = 483A69C92118C161007B3B66;
			remoteInfo = MobIndustry_TestProject;
		};
		483A69EE2118C163007B3B66 /* PBXContainerItemProxy */ = {
			isa = PBXContainerItemProxy;
			containerPortal = 483A69C22118C161007B3B66 /* Project object */;
			proxyType = 1;
			remoteGlobalIDString = 483A69C92118C161007B3B66;
			remoteInfo = MobIndustry_TestProject;
		};
/* End PBXContainerItemProxy section */

/* Begin PBXFileReference section */
		0E74271E367006276FB42C32 /* Pods-MobIndustry_TestProject.debug.xcconfig */ = {isa = PBXFileReference; includeInIndex = 1; lastKnownFileType = text.xcconfig; name = "Pods-MobIndustry_TestProject.debug.xcconfig"; path = "Pods/Target Support Files/Pods-MobIndustry_TestProject/Pods-MobIndustry_TestProject.debug.xcconfig"; sourceTree = "<group>"; };
		483A69CA2118C161007B3B66 /* MobIndustry_TestProject.app */ = {isa = PBXFileReference; explicitFileType = wrapper.application; includeInIndex = 0; path = MobIndustry_TestProject.app; sourceTree = BUILT_PRODUCTS_DIR; };
		483A69CD2118C161007B3B66 /* AppDelegate.h */ = {isa = PBXFileReference; lastKnownFileType = sourcecode.c.h; path = AppDelegate.h; sourceTree = "<group>"; };
		483A69CE2118C161007B3B66 /* AppDelegate.m */ = {isa = PBXFileReference; lastKnownFileType = sourcecode.c.objc; path = AppDelegate.m; sourceTree = "<group>"; };
		483A69D42118C161007B3B66 /* Base */ = {isa = PBXFileReference; lastKnownFileType = file.storyboard; name = Base; path = Base.lproj/Main.storyboard; sourceTree = "<group>"; };
		483A69D62118C163007B3B66 /* Assets.xcassets */ = {isa = PBXFileReference; lastKnownFileType = folder.assetcatalog; path = Assets.xcassets; sourceTree = "<group>"; };
		483A69D92118C163007B3B66 /* Base */ = {isa = PBXFileReference; lastKnownFileType = file.storyboard; name = Base; path = Base.lproj/LaunchScreen.storyboard; sourceTree = "<group>"; };
		483A69DB2118C163007B3B66 /* Info.plist */ = {isa = PBXFileReference; lastKnownFileType = text.plist.xml; path = Info.plist; sourceTree = "<group>"; };
		483A69DC2118C163007B3B66 /* main.m */ = {isa = PBXFileReference; lastKnownFileType = sourcecode.c.objc; path = main.m; sourceTree = "<group>"; };
		483A69E22118C163007B3B66 /* MobIndustry_TestProjectTests.xctest */ = {isa = PBXFileReference; explicitFileType = wrapper.cfbundle; includeInIndex = 0; path = MobIndustry_TestProjectTests.xctest; sourceTree = BUILT_PRODUCTS_DIR; };
		483A69E62118C163007B3B66 /* MobIndustry_TestProjectTests.m */ = {isa = PBXFileReference; lastKnownFileType = sourcecode.c.objc; path = MobIndustry_TestProjectTests.m; sourceTree = "<group>"; };
		483A69E82118C163007B3B66 /* Info.plist */ = {isa = PBXFileReference; lastKnownFileType = text.plist.xml; path = Info.plist; sourceTree = "<group>"; };
		483A69ED2118C163007B3B66 /* MobIndustry_TestProjectUITests.xctest */ = {isa = PBXFileReference; explicitFileType = wrapper.cfbundle; includeInIndex = 0; path = MobIndustry_TestProjectUITests.xctest; sourceTree = BUILT_PRODUCTS_DIR; };
		483A69F12118C163007B3B66 /* MobIndustry_TestProjectUITests.m */ = {isa = PBXFileReference; lastKnownFileType = sourcecode.c.objc; path = MobIndustry_TestProjectUITests.m; sourceTree = "<group>"; };
		483A69F32118C163007B3B66 /* Info.plist */ = {isa = PBXFileReference; lastKnownFileType = text.plist.xml; path = Info.plist; sourceTree = "<group>"; };
		483A69FF2118CEE9007B3B66 /* cars.json */ = {isa = PBXFileReference; fileEncoding = 4; lastKnownFileType = text.json; path = cars.json; sourceTree = "<group>"; };
		483A6A012118CEF3007B3B66 /* TestTask.txt */ = {isa = PBXFileReference; fileEncoding = 4; lastKnownFileType = text; path = TestTask.txt; sourceTree = "<group>"; };
		483A6A032118D599007B3B66 /* MICarList_VC.h */ = {isa = PBXFileReference; lastKnownFileType = sourcecode.c.h; path = MICarList_VC.h; sourceTree = "<group>"; };
		483A6A042118D599007B3B66 /* MICarList_VC.m */ = {isa = PBXFileReference; lastKnownFileType = sourcecode.c.objc; path = MICarList_VC.m; sourceTree = "<group>"; };
		483A6A062118D5B4007B3B66 /* MICarList_Presenter.h */ = {isa = PBXFileReference; lastKnownFileType = sourcecode.c.h; path = MICarList_Presenter.h; sourceTree = "<group>"; };
		483A6A072118D5B4007B3B66 /* MICarList_Presenter.m */ = {isa = PBXFileReference; lastKnownFileType = sourcecode.c.objc; path = MICarList_Presenter.m; sourceTree = "<group>"; };
		483A6A092118D5C6007B3B66 /* MICarList_Model.h */ = {isa = PBXFileReference; lastKnownFileType = sourcecode.c.h; path = MICarList_Model.h; sourceTree = "<group>"; };
		483A6A0A2118D5C6007B3B66 /* MICarList_Model.m */ = {isa = PBXFileReference; lastKnownFileType = sourcecode.c.objc; path = MICarList_Model.m; sourceTree = "<group>"; };
		483A6A152118D774007B3B66 /* MICarListTVCell.h */ = {isa = PBXFileReference; lastKnownFileType = sourcecode.c.h; path = MICarListTVCell.h; sourceTree = "<group>"; };
		483A6A162118D774007B3B66 /* MICarListTVCell.m */ = {isa = PBXFileReference; lastKnownFileType = sourcecode.c.objc; path = MICarListTVCell.m; sourceTree = "<group>"; };
		483A6A182119091F007B3B66 /* README.md */ = {isa = PBXFileReference; fileEncoding = 4; lastKnownFileType = net.daringfireball.markdown; path = README.md; sourceTree = "<group>"; };
		75DAF9E753064F21F6710C70 /* Pods-MobIndustry_TestProject.release.xcconfig */ = {isa = PBXFileReference; includeInIndex = 1; lastKnownFileType = text.xcconfig; name = "Pods-MobIndustry_TestProject.release.xcconfig"; path = "Pods/Target Support Files/Pods-MobIndustry_TestProject/Pods-MobIndustry_TestProject.release.xcconfig"; sourceTree = "<group>"; };
		7C4D65423B1AB460300859AF /* Pods-MobIndustry_TestProjectTests.release.xcconfig */ = {isa = PBXFileReference; includeInIndex = 1; lastKnownFileType = text.xcconfig; name = "Pods-MobIndustry_TestProjectTests.release.xcconfig"; path = "Pods/Target Support Files/Pods-MobIndustry_TestProjectTests/Pods-MobIndustry_TestProjectTests.release.xcconfig"; sourceTree = "<group>"; };
		8BD3A9C22119A50700DCF9CC /* MICarList_DBAModel.h */ = {isa = PBXFileReference; lastKnownFileType = sourcecode.c.h; path = MICarList_DBAModel.h; sourceTree = "<group>"; };
		8BD3A9C32119A50700DCF9CC /* MICarList_DBAModel.m */ = {isa = PBXFileReference; lastKnownFileType = sourcecode.c.objc; path = MICarList_DBAModel.m; sourceTree = "<group>"; };
		975CC322E070C97919EF1621 /* libPods-MobIndustry_TestProjectUITests.a */ = {isa = PBXFileReference; explicitFileType = archive.ar; includeInIndex = 0; path = "libPods-MobIndustry_TestProjectUITests.a"; sourceTree = BUILT_PRODUCTS_DIR; };
		9C3664BCB3B403E0B340E444 /* libPods-MobIndustry_TestProjectTests.a */ = {isa = PBXFileReference; explicitFileType = archive.ar; includeInIndex = 0; path = "libPods-MobIndustry_TestProjectTests.a"; sourceTree = BUILT_PRODUCTS_DIR; };
		A3F7E39A5AE99E35617E0FF1 /* libPods-MobIndustry_TestProject.a */ = {isa = PBXFileReference; explicitFileType = archive.ar; includeInIndex = 0; path = "libPods-MobIndustry_TestProject.a"; sourceTree = BUILT_PRODUCTS_DIR; };
		BE8FF37C40F0609966AD0F79 /* Pods-MobIndustry_TestProjectTests.debug.xcconfig */ = {isa = PBXFileReference; includeInIndex = 1; lastKnownFileType = text.xcconfig; name = "Pods-MobIndustry_TestProjectTests.debug.xcconfig"; path = "Pods/Target Support Files/Pods-MobIndustry_TestProjectTests/Pods-MobIndustry_TestProjectTests.debug.xcconfig"; sourceTree = "<group>"; };
		DB167A47BF0B4810584AB748 /* Pods-MobIndustry_TestProjectUITests.debug.xcconfig */ = {isa = PBXFileReference; includeInIndex = 1; lastKnownFileType = text.xcconfig; name = "Pods-MobIndustry_TestProjectUITests.debug.xcconfig"; path = "Pods/Target Support Files/Pods-MobIndustry_TestProjectUITests/Pods-MobIndustry_TestProjectUITests.debug.xcconfig"; sourceTree = "<group>"; };
		E579227F13A89EBC93ECB231 /* Pods-MobIndustry_TestProjectUITests.release.xcconfig */ = {isa = PBXFileReference; includeInIndex = 1; lastKnownFileType = text.xcconfig; name = "Pods-MobIndustry_TestProjectUITests.release.xcconfig"; path = "Pods/Target Support Files/Pods-MobIndustry_TestProjectUITests/Pods-MobIndustry_TestProjectUITests.release.xcconfig"; sourceTree = "<group>"; };
/* End PBXFileReference section */

/* Begin PBXFrameworksBuildPhase section */
		483A69C72118C161007B3B66 /* Frameworks */ = {
			isa = PBXFrameworksBuildPhase;
			buildActionMask = 2147483647;
			files = (
				CAD304FB59BDC6ACFDB8489B /* libPods-MobIndustry_TestProject.a in Frameworks */,
			);
			runOnlyForDeploymentPostprocessing = 0;
		};
		483A69DF2118C163007B3B66 /* Frameworks */ = {
			isa = PBXFrameworksBuildPhase;
			buildActionMask = 2147483647;
			files = (
				32441B25F3727DAFB1E6E130 /* libPods-MobIndustry_TestProjectTests.a in Frameworks */,
			);
			runOnlyForDeploymentPostprocessing = 0;
		};
		483A69EA2118C163007B3B66 /* Frameworks */ = {
			isa = PBXFrameworksBuildPhase;
			buildActionMask = 2147483647;
			files = (
				E558369D916D21B83D029823 /* libPods-MobIndustry_TestProjectUITests.a in Frameworks */,
			);
			runOnlyForDeploymentPostprocessing = 0;
		};
/* End PBXFrameworksBuildPhase section */

/* Begin PBXGroup section */
		15FECEBF0276118E077C4AA1 /* Frameworks */ = {
			isa = PBXGroup;
			children = (
				A3F7E39A5AE99E35617E0FF1 /* libPods-MobIndustry_TestProject.a */,
				9C3664BCB3B403E0B340E444 /* libPods-MobIndustry_TestProjectTests.a */,
				975CC322E070C97919EF1621 /* libPods-MobIndustry_TestProjectUITests.a */,
			);
			name = Frameworks;
			sourceTree = "<group>";
		};
		483A69C12118C161007B3B66 = {
			isa = PBXGroup;
			children = (
				483A6A182119091F007B3B66 /* README.md */,
				483A69CC2118C161007B3B66 /* MobIndustry_TestProject */,
				483A69E52118C163007B3B66 /* MobIndustry_TestProjectTests */,
				483A69F02118C163007B3B66 /* MobIndustry_TestProjectUITests */,
				483A69CB2118C161007B3B66 /* Products */,
				D78BA74C68B99BBD2C238163 /* Pods */,
				15FECEBF0276118E077C4AA1 /* Frameworks */,
			);
			sourceTree = "<group>";
		};
		483A69CB2118C161007B3B66 /* Products */ = {
			isa = PBXGroup;
			children = (
				483A69CA2118C161007B3B66 /* MobIndustry_TestProject.app */,
				483A69E22118C163007B3B66 /* MobIndustry_TestProjectTests.xctest */,
				483A69ED2118C163007B3B66 /* MobIndustry_TestProjectUITests.xctest */,
			);
			name = Products;
			sourceTree = "<group>";
		};
		483A69CC2118C161007B3B66 /* MobIndustry_TestProject */ = {
			isa = PBXGroup;
			children = (
				483A6A112118D637007B3B66 /* MobIndustry_Task */,
				483A6A122118D692007B3B66 /* MICarList */,
				483A6A0F2118D5EE007B3B66 /* Interface */,
				483A6A102118D5F5007B3B66 /* Default */,
			);
			path = MobIndustry_TestProject;
			sourceTree = "<group>";
		};
		483A69E52118C163007B3B66 /* MobIndustry_TestProjectTests */ = {
			isa = PBXGroup;
			children = (
				483A69E62118C163007B3B66 /* MobIndustry_TestProjectTests.m */,
				483A69E82118C163007B3B66 /* Info.plist */,
			);
			path = MobIndustry_TestProjectTests;
			sourceTree = "<group>";
		};
		483A69F02118C163007B3B66 /* MobIndustry_TestProjectUITests */ = {
			isa = PBXGroup;
			children = (
				483A69F12118C163007B3B66 /* MobIndustry_TestProjectUITests.m */,
				483A69F32118C163007B3B66 /* Info.plist */,
			);
			path = MobIndustry_TestProjectUITests;
			sourceTree = "<group>";
		};
		483A6A0C2118D5CF007B3B66 /* Model */ = {
			isa = PBXGroup;
			children = (
				483A6A092118D5C6007B3B66 /* MICarList_Model.h */,
				483A6A0A2118D5C6007B3B66 /* MICarList_Model.m */,
				8BD3A9C22119A50700DCF9CC /* MICarList_DBAModel.h */,
				8BD3A9C32119A50700DCF9CC /* MICarList_DBAModel.m */,
				483A6A152118D774007B3B66 /* MICarListTVCell.h */,
				483A6A162118D774007B3B66 /* MICarListTVCell.m */,
			);
			path = Model;
			sourceTree = "<group>";
		};
		483A6A0D2118D5D8007B3B66 /* View */ = {
			isa = PBXGroup;
			children = (
				483A6A032118D599007B3B66 /* MICarList_VC.h */,
				483A6A042118D599007B3B66 /* MICarList_VC.m */,
			);
			path = View;
			sourceTree = "<group>";
		};
		483A6A0E2118D5DD007B3B66 /* Presenter */ = {
			isa = PBXGroup;
			children = (
				483A6A062118D5B4007B3B66 /* MICarList_Presenter.h */,
				483A6A072118D5B4007B3B66 /* MICarList_Presenter.m */,
			);
			path = Presenter;
			sourceTree = "<group>";
		};
		483A6A0F2118D5EE007B3B66 /* Interface */ = {
			isa = PBXGroup;
			children = (
				483A69D32118C161007B3B66 /* Main.storyboard */,
				483A69D82118C163007B3B66 /* LaunchScreen.storyboard */,
			);
			path = Interface;
			sourceTree = "<group>";
		};
		483A6A102118D5F5007B3B66 /* Default */ = {
			isa = PBXGroup;
			children = (
				483A69CD2118C161007B3B66 /* AppDelegate.h */,
				483A69CE2118C161007B3B66 /* AppDelegate.m */,
				483A69D62118C163007B3B66 /* Assets.xcassets */,
				483A69DB2118C163007B3B66 /* Info.plist */,
				483A69DC2118C163007B3B66 /* main.m */,
			);
			path = Default;
			sourceTree = "<group>";
		};
		483A6A112118D637007B3B66 /* MobIndustry_Task */ = {
			isa = PBXGroup;
			children = (
				483A69FF2118CEE9007B3B66 /* cars.json */,
				483A6A012118CEF3007B3B66 /* TestTask.txt */,
			);
			path = MobIndustry_Task;
			sourceTree = "<group>";
		};
		483A6A122118D692007B3B66 /* MICarList */ = {
			isa = PBXGroup;
			children = (
				483A6A0C2118D5CF007B3B66 /* Model */,
				483A6A0D2118D5D8007B3B66 /* View */,
				483A6A0E2118D5DD007B3B66 /* Presenter */,
			);
			path = MICarList;
			sourceTree = "<group>";
		};
		D78BA74C68B99BBD2C238163 /* Pods */ = {
			isa = PBXGroup;
			children = (
				0E74271E367006276FB42C32 /* Pods-MobIndustry_TestProject.debug.xcconfig */,
				75DAF9E753064F21F6710C70 /* Pods-MobIndustry_TestProject.release.xcconfig */,
				BE8FF37C40F0609966AD0F79 /* Pods-MobIndustry_TestProjectTests.debug.xcconfig */,
				7C4D65423B1AB460300859AF /* Pods-MobIndustry_TestProjectTests.release.xcconfig */,
				DB167A47BF0B4810584AB748 /* Pods-MobIndustry_TestProjectUITests.debug.xcconfig */,
				E579227F13A89EBC93ECB231 /* Pods-MobIndustry_TestProjectUITests.release.xcconfig */,
			);
			name = Pods;
			sourceTree = "<group>";
		};
/* End PBXGroup section */

/* Begin PBXNativeTarget section */
		483A69C92118C161007B3B66 /* MobIndustry_TestProject */ = {
			isa = PBXNativeTarget;
			buildConfigurationList = 483A69F62118C163007B3B66 /* Build configuration list for PBXNativeTarget "MobIndustry_TestProject" */;
			buildPhases = (
				D1CBE49ED130131650E71A6E /* [CP] Check Pods Manifest.lock */,
				483A69C62118C161007B3B66 /* Sources */,
				483A69C72118C161007B3B66 /* Frameworks */,
				483A69C82118C161007B3B66 /* Resources */,
				96C8C2618862DFD21CD5530F /* [CP] Embed Pods Frameworks */,
				59644E563A0B73CEAC51DA0D /* [CP] Copy Pods Resources */,
			);
			buildRules = (
			);
			dependencies = (
			);
			name = MobIndustry_TestProject;
			productName = MobIndustry_TestProject;
			productReference = 483A69CA2118C161007B3B66 /* MobIndustry_TestProject.app */;
			productType = "com.apple.product-type.application";
		};
		483A69E12118C163007B3B66 /* MobIndustry_TestProjectTests */ = {
			isa = PBXNativeTarget;
			buildConfigurationList = 483A69F92118C163007B3B66 /* Build configuration list for PBXNativeTarget "MobIndustry_TestProjectTests" */;
			buildPhases = (
				BE59A3069BAEE7D442760FE6 /* [CP] Check Pods Manifest.lock */,
				483A69DE2118C163007B3B66 /* Sources */,
				483A69DF2118C163007B3B66 /* Frameworks */,
				483A69E02118C163007B3B66 /* Resources */,
				EC05722BBC062A2FE1971466 /* [CP] Embed Pods Frameworks */,
				396CC3B55F941E27A6E87647 /* [CP] Copy Pods Resources */,
			);
			buildRules = (
			);
			dependencies = (
				483A69E42118C163007B3B66 /* PBXTargetDependency */,
			);
			name = MobIndustry_TestProjectTests;
			productName = MobIndustry_TestProjectTests;
			productReference = 483A69E22118C163007B3B66 /* MobIndustry_TestProjectTests.xctest */;
			productType = "com.apple.product-type.bundle.unit-test";
		};
		483A69EC2118C163007B3B66 /* MobIndustry_TestProjectUITests */ = {
			isa = PBXNativeTarget;
			buildConfigurationList = 483A69FC2118C163007B3B66 /* Build configuration list for PBXNativeTarget "MobIndustry_TestProjectUITests" */;
			buildPhases = (
				6ADEA00466E8497118F400F9 /* [CP] Check Pods Manifest.lock */,
				483A69E92118C163007B3B66 /* Sources */,
				483A69EA2118C163007B3B66 /* Frameworks */,
				483A69EB2118C163007B3B66 /* Resources */,
				6E90E04F8225B8FC0A771F12 /* [CP] Embed Pods Frameworks */,
				A4E49B87F2148D68EE156931 /* [CP] Copy Pods Resources */,
			);
			buildRules = (
			);
			dependencies = (
				483A69EF2118C163007B3B66 /* PBXTargetDependency */,
			);
			name = MobIndustry_TestProjectUITests;
			productName = MobIndustry_TestProjectUITests;
			productReference = 483A69ED2118C163007B3B66 /* MobIndustry_TestProjectUITests.xctest */;
			productType = "com.apple.product-type.bundle.ui-testing";
		};
/* End PBXNativeTarget section */

/* Begin PBXProject section */
		483A69C22118C161007B3B66 /* Project object */ = {
			isa = PBXProject;
			attributes = {
				LastUpgradeCheck = 0940;
				ORGANIZATIONNAME = SKS;
				TargetAttributes = {
					483A69C92118C161007B3B66 = {
						CreatedOnToolsVersion = 9.4.1;
					};
					483A69E12118C163007B3B66 = {
						CreatedOnToolsVersion = 9.4.1;
						TestTargetID = 483A69C92118C161007B3B66;
					};
					483A69EC2118C163007B3B66 = {
						CreatedOnToolsVersion = 9.4.1;
						TestTargetID = 483A69C92118C161007B3B66;
					};
				};
			};
			buildConfigurationList = 483A69C52118C161007B3B66 /* Build configuration list for PBXProject "MobIndustry_TestProject" */;
			compatibilityVersion = "Xcode 9.3";
			developmentRegion = en;
			hasScannedForEncodings = 0;
			knownRegions = (
				en,
				Base,
			);
			mainGroup = 483A69C12118C161007B3B66;
			productRefGroup = 483A69CB2118C161007B3B66 /* Products */;
			projectDirPath = "";
			projectRoot = "";
			targets = (
				483A69C92118C161007B3B66 /* MobIndustry_TestProject */,
				483A69E12118C163007B3B66 /* MobIndustry_TestProjectTests */,
				483A69EC2118C163007B3B66 /* MobIndustry_TestProjectUITests */,
			);
		};
/* End PBXProject section */

/* Begin PBXResourcesBuildPhase section */
		483A69C82118C161007B3B66 /* Resources */ = {
			isa = PBXResourcesBuildPhase;
			buildActionMask = 2147483647;
			files = (
				483A6A192119091F007B3B66 /* README.md in Resources */,
				483A69DA2118C163007B3B66 /* LaunchScreen.storyboard in Resources */,
				483A69D72118C163007B3B66 /* Assets.xcassets in Resources */,
				483A6A022118CEF3007B3B66 /* TestTask.txt in Resources */,
				483A6A002118CEE9007B3B66 /* cars.json in Resources */,
				483A69D52118C161007B3B66 /* Main.storyboard in Resources */,
			);
			runOnlyForDeploymentPostprocessing = 0;
		};
		483A69E02118C163007B3B66 /* Resources */ = {
			isa = PBXResourcesBuildPhase;
			buildActionMask = 2147483647;
			files = (
			);
			runOnlyForDeploymentPostprocessing = 0;
		};
		483A69EB2118C163007B3B66 /* Resources */ = {
			isa = PBXResourcesBuildPhase;
			buildActionMask = 2147483647;
			files = (
			);
			runOnlyForDeploymentPostprocessing = 0;
		};
/* End PBXResourcesBuildPhase section */

/* Begin PBXShellScriptBuildPhase section */
		396CC3B55F941E27A6E87647 /* [CP] Copy Pods Resources */ = {
			isa = PBXShellScriptBuildPhase;
			buildActionMask = 2147483647;
			files = (
			);
			inputPaths = (
			);
			name = "[CP] Copy Pods Resources";
			outputPaths = (
			);
			runOnlyForDeploymentPostprocessing = 0;
			shellPath = /bin/sh;
			shellScript = "\"${SRCROOT}/Pods/Target Support Files/Pods-MobIndustry_TestProjectTests/Pods-MobIndustry_TestProjectTests-resources.sh\"\n";
			showEnvVarsInLog = 0;
		};
		59644E563A0B73CEAC51DA0D /* [CP] Copy Pods Resources */ = {
			isa = PBXShellScriptBuildPhase;
			buildActionMask = 2147483647;
			files = (
			);
			inputPaths = (
			);
			name = "[CP] Copy Pods Resources";
			outputPaths = (
			);
			runOnlyForDeploymentPostprocessing = 0;
			shellPath = /bin/sh;
			shellScript = "\"${SRCROOT}/Pods/Target Support Files/Pods-MobIndustry_TestProject/Pods-MobIndustry_TestProject-resources.sh\"\n";
			showEnvVarsInLog = 0;
		};
		6ADEA00466E8497118F400F9 /* [CP] Check Pods Manifest.lock */ = {
			isa = PBXShellScriptBuildPhase;
			buildActionMask = 2147483647;
			files = (
			);
			inputPaths = (
				"${PODS_PODFILE_DIR_PATH}/Podfile.lock",
				"${PODS_ROOT}/Manifest.lock",
			);
			name = "[CP] Check Pods Manifest.lock";
			outputPaths = (
				"$(DERIVED_FILE_DIR)/Pods-MobIndustry_TestProjectUITests-checkManifestLockResult.txt",
			);
			runOnlyForDeploymentPostprocessing = 0;
			shellPath = /bin/sh;
			shellScript = "diff \"${PODS_PODFILE_DIR_PATH}/Podfile.lock\" \"${PODS_ROOT}/Manifest.lock\" > /dev/null\nif [ $? != 0 ] ; then\n    # print error to STDERR\n    echo \"error: The sandbox is not in sync with the Podfile.lock. Run 'pod install' or update your CocoaPods installation.\" >&2\n    exit 1\nfi\n# This output is used by Xcode 'outputs' to avoid re-running this script phase.\necho \"SUCCESS\" > \"${SCRIPT_OUTPUT_FILE_0}\"\n";
			showEnvVarsInLog = 0;
		};
		6E90E04F8225B8FC0A771F12 /* [CP] Embed Pods Frameworks */ = {
			isa = PBXShellScriptBuildPhase;
			buildActionMask = 2147483647;
			files = (
			);
			inputPaths = (
			);
			name = "[CP] Embed Pods Frameworks";
			outputPaths = (
			);
			runOnlyForDeploymentPostprocessing = 0;
			shellPath = /bin/sh;
			shellScript = "\"${SRCROOT}/Pods/Target Support Files/Pods-MobIndustry_TestProjectUITests/Pods-MobIndustry_TestProjectUITests-frameworks.sh\"\n";
			showEnvVarsInLog = 0;
		};
		96C8C2618862DFD21CD5530F /* [CP] Embed Pods Frameworks */ = {
			isa = PBXShellScriptBuildPhase;
			buildActionMask = 2147483647;
			files = (
			);
			inputPaths = (
			);
			name = "[CP] Embed Pods Frameworks";
			outputPaths = (
			);
			runOnlyForDeploymentPostprocessing = 0;
			shellPath = /bin/sh;
			shellScript = "\"${SRCROOT}/Pods/Target Support Files/Pods-MobIndustry_TestProject/Pods-MobIndustry_TestProject-frameworks.sh\"\n";
			showEnvVarsInLog = 0;
		};
		A4E49B87F2148D68EE156931 /* [CP] Copy Pods Resources */ = {
			isa = PBXShellScriptBuildPhase;
			buildActionMask = 2147483647;
			files = (
			);
			inputPaths = (
			);
			name = "[CP] Copy Pods Resources";
			outputPaths = (
			);
			runOnlyForDeploymentPostprocessing = 0;
			shellPath = /bin/sh;
			shellScript = "\"${SRCROOT}/Pods/Target Support Files/Pods-MobIndustry_TestProjectUITests/Pods-MobIndustry_TestProjectUITests-resources.sh\"\n";
			showEnvVarsInLog = 0;
		};
		BE59A3069BAEE7D442760FE6 /* [CP] Check Pods Manifest.lock */ = {
			isa = PBXShellScriptBuildPhase;
			buildActionMask = 2147483647;
			files = (
			);
			inputPaths = (
				"${PODS_PODFILE_DIR_PATH}/Podfile.lock",
				"${PODS_ROOT}/Manifest.lock",
			);
			name = "[CP] Check Pods Manifest.lock";
			outputPaths = (
				"$(DERIVED_FILE_DIR)/Pods-MobIndustry_TestProjectTests-checkManifestLockResult.txt",
			);
			runOnlyForDeploymentPostprocessing = 0;
			shellPath = /bin/sh;
			shellScript = "diff \"${PODS_PODFILE_DIR_PATH}/Podfile.lock\" \"${PODS_ROOT}/Manifest.lock\" > /dev/null\nif [ $? != 0 ] ; then\n    # print error to STDERR\n    echo \"error: The sandbox is not in sync with the Podfile.lock. Run 'pod install' or update your CocoaPods installation.\" >&2\n    exit 1\nfi\n# This output is used by Xcode 'outputs' to avoid re-running this script phase.\necho \"SUCCESS\" > \"${SCRIPT_OUTPUT_FILE_0}\"\n";
			showEnvVarsInLog = 0;
		};
		D1CBE49ED130131650E71A6E /* [CP] Check Pods Manifest.lock */ = {
			isa = PBXShellScriptBuildPhase;
			buildActionMask = 2147483647;
			files = (
			);
			inputPaths = (
				"${PODS_PODFILE_DIR_PATH}/Podfile.lock",
				"${PODS_ROOT}/Manifest.lock",
			);
			name = "[CP] Check Pods Manifest.lock";
			outputPaths = (
				"$(DERIVED_FILE_DIR)/Pods-MobIndustry_TestProject-checkManifestLockResult.txt",
			);
			runOnlyForDeploymentPostprocessing = 0;
			shellPath = /bin/sh;
			shellScript = "diff \"${PODS_PODFILE_DIR_PATH}/Podfile.lock\" \"${PODS_ROOT}/Manifest.lock\" > /dev/null\nif [ $? != 0 ] ; then\n    # print error to STDERR\n    echo \"error: The sandbox is not in sync with the Podfile.lock. Run 'pod install' or update your CocoaPods installation.\" >&2\n    exit 1\nfi\n# This output is used by Xcode 'outputs' to avoid re-running this script phase.\necho \"SUCCESS\" > \"${SCRIPT_OUTPUT_FILE_0}\"\n";
			showEnvVarsInLog = 0;
		};
		EC05722BBC062A2FE1971466 /* [CP] Embed Pods Frameworks */ = {
			isa = PBXShellScriptBuildPhase;
			buildActionMask = 2147483647;
			files = (
			);
			inputPaths = (
			);
			name = "[CP] Embed Pods Frameworks";
			outputPaths = (
			);
			runOnlyForDeploymentPostprocessing = 0;
			shellPath = /bin/sh;
			shellScript = "\"${SRCROOT}/Pods/Target Support Files/Pods-MobIndustry_TestProjectTests/Pods-MobIndustry_TestProjectTests-frameworks.sh\"\n";
			showEnvVarsInLog = 0;
		};
/* End PBXShellScriptBuildPhase section */

/* Begin PBXSourcesBuildPhase section */
		483A69C62118C161007B3B66 /* Sources */ = {
			isa = PBXSourcesBuildPhase;
			buildActionMask = 2147483647;
			files = (
				483A6A172118D774007B3B66 /* MICarListTVCell.m in Sources */,
				8BD3A9C42119A50700DCF9CC /* MICarList_DBAModel.m in Sources */,
				483A6A052118D599007B3B66 /* MICarList_VC.m in Sources */,
				483A6A0B2118D5C6007B3B66 /* MICarList_Model.m in Sources */,
				483A69DD2118C163007B3B66 /* main.m in Sources */,
				483A6A082118D5B4007B3B66 /* MICarList_Presenter.m in Sources */,
				483A69CF2118C161007B3B66 /* AppDelegate.m in Sources */,
			);
			runOnlyForDeploymentPostprocessing = 0;
		};
		483A69DE2118C163007B3B66 /* Sources */ = {
			isa = PBXSourcesBuildPhase;
			buildActionMask = 2147483647;
			files = (
				483A69E72118C163007B3B66 /* MobIndustry_TestProjectTests.m in Sources */,
			);
			runOnlyForDeploymentPostprocessing = 0;
		};
		483A69E92118C163007B3B66 /* Sources */ = {
			isa = PBXSourcesBuildPhase;
			buildActionMask = 2147483647;
			files = (
				483A69F22118C163007B3B66 /* MobIndustry_TestProjectUITests.m in Sources */,
			);
			runOnlyForDeploymentPostprocessing = 0;
		};
/* End PBXSourcesBuildPhase section */

/* Begin PBXTargetDependency section */
		483A69E42118C163007B3B66 /* PBXTargetDependency */ = {
			isa = PBXTargetDependency;
			target = 483A69C92118C161007B3B66 /* MobIndustry_TestProject */;
			targetProxy = 483A69E32118C163007B3B66 /* PBXContainerItemProxy */;
		};
		483A69EF2118C163007B3B66 /* PBXTargetDependency */ = {
			isa = PBXTargetDependency;
			target = 483A69C92118C161007B3B66 /* MobIndustry_TestProject */;
			targetProxy = 483A69EE2118C163007B3B66 /* PBXContainerItemProxy */;
		};
/* End PBXTargetDependency section */

/* Begin PBXVariantGroup section */
		483A69D32118C161007B3B66 /* Main.storyboard */ = {
			isa = PBXVariantGroup;
			children = (
				483A69D42118C161007B3B66 /* Base */,
			);
			name = Main.storyboard;
			sourceTree = "<group>";
		};
		483A69D82118C163007B3B66 /* LaunchScreen.storyboard */ = {
			isa = PBXVariantGroup;
			children = (
				483A69D92118C163007B3B66 /* Base */,
			);
			name = LaunchScreen.storyboard;
			sourceTree = "<group>";
		};
/* End PBXVariantGroup section */

/* Begin XCBuildConfiguration section */
		483A69F42118C163007B3B66 /* Debug */ = {
			isa = XCBuildConfiguration;
			buildSettings = {
				ALWAYS_SEARCH_USER_PATHS = NO;
				CLANG_ANALYZER_NONNULL = YES;
				CLANG_ANALYZER_NUMBER_OBJECT_CONVERSION = YES_AGGRESSIVE;
				CLANG_CXX_LANGUAGE_STANDARD = "gnu++14";
				CLANG_CXX_LIBRARY = "libc++";
				CLANG_ENABLE_MODULES = YES;
				CLANG_ENABLE_OBJC_ARC = YES;
				CLANG_ENABLE_OBJC_WEAK = YES;
				CLANG_WARN_BLOCK_CAPTURE_AUTORELEASING = YES;
				CLANG_WARN_BOOL_CONVERSION = YES;
				CLANG_WARN_COMMA = YES;
				CLANG_WARN_CONSTANT_CONVERSION = YES;
				CLANG_WARN_DEPRECATED_OBJC_IMPLEMENTATIONS = YES;
				CLANG_WARN_DIRECT_OBJC_ISA_USAGE = YES_ERROR;
				CLANG_WARN_DOCUMENTATION_COMMENTS = YES;
				CLANG_WARN_EMPTY_BODY = YES;
				CLANG_WARN_ENUM_CONVERSION = YES;
				CLANG_WARN_INFINITE_RECURSION = YES;
				CLANG_WARN_INT_CONVERSION = YES;
				CLANG_WARN_NON_LITERAL_NULL_CONVERSION = YES;
				CLANG_WARN_OBJC_IMPLICIT_RETAIN_SELF = YES;
				CLANG_WARN_OBJC_LITERAL_CONVERSION = YES;
				CLANG_WARN_OBJC_ROOT_CLASS = YES_ERROR;
				CLANG_WARN_RANGE_LOOP_ANALYSIS = YES;
				CLANG_WARN_STRICT_PROTOTYPES = YES;
				CLANG_WARN_SUSPICIOUS_MOVE = YES;
				CLANG_WARN_UNGUARDED_AVAILABILITY = YES_AGGRESSIVE;
				CLANG_WARN_UNREACHABLE_CODE = YES;
				CLANG_WARN__DUPLICATE_METHOD_MATCH = YES;
				CODE_SIGN_IDENTITY = "iPhone Developer";
				COPY_PHASE_STRIP = NO;
				DEBUG_INFORMATION_FORMAT = dwarf;
				ENABLE_STRICT_OBJC_MSGSEND = YES;
				ENABLE_TESTABILITY = YES;
				GCC_C_LANGUAGE_STANDARD = gnu11;
				GCC_DYNAMIC_NO_PIC = NO;
				GCC_NO_COMMON_BLOCKS = YES;
				GCC_OPTIMIZATION_LEVEL = 0;
				GCC_PREPROCESSOR_DEFINITIONS = (
					"DEBUG=1",
					"$(inherited)",
				);
				GCC_WARN_64_TO_32_BIT_CONVERSION = YES;
				GCC_WARN_ABOUT_RETURN_TYPE = YES_ERROR;
				GCC_WARN_UNDECLARED_SELECTOR = YES;
				GCC_WARN_UNINITIALIZED_AUTOS = YES_AGGRESSIVE;
				GCC_WARN_UNUSED_FUNCTION = YES;
				GCC_WARN_UNUSED_VARIABLE = YES;
				IPHONEOS_DEPLOYMENT_TARGET = 11.0;
				MTL_ENABLE_DEBUG_INFO = YES;
				ONLY_ACTIVE_ARCH = YES;
				SDKROOT = iphoneos;
			};
			name = Debug;
		};
		483A69F52118C163007B3B66 /* Release */ = {
			isa = XCBuildConfiguration;
			buildSettings = {
				ALWAYS_SEARCH_USER_PATHS = NO;
				CLANG_ANALYZER_NONNULL = YES;
				CLANG_ANALYZER_NUMBER_OBJECT_CONVERSION = YES_AGGRESSIVE;
				CLANG_CXX_LANGUAGE_STANDARD = "gnu++14";
				CLANG_CXX_LIBRARY = "libc++";
				CLANG_ENABLE_MODULES = YES;
				CLANG_ENABLE_OBJC_ARC = YES;
				CLANG_ENABLE_OBJC_WEAK = YES;
				CLANG_WARN_BLOCK_CAPTURE_AUTORELEASING = YES;
				CLANG_WARN_BOOL_CONVERSION = YES;
				CLANG_WARN_COMMA = YES;
				CLANG_WARN_CONSTANT_CONVERSION = YES;
				CLANG_WARN_DEPRECATED_OBJC_IMPLEMENTATIONS = YES;
				CLANG_WARN_DIRECT_OBJC_ISA_USAGE = YES_ERROR;
				CLANG_WARN_DOCUMENTATION_COMMENTS = YES;
				CLANG_WARN_EMPTY_BODY = YES;
				CLANG_WARN_ENUM_CONVERSION = YES;
				CLANG_WARN_INFINITE_RECURSION = YES;
				CLANG_WARN_INT_CONVERSION = YES;
				CLANG_WARN_NON_LITERAL_NULL_CONVERSION = YES;
				CLANG_WARN_OBJC_IMPLICIT_RETAIN_SELF = YES;
				CLANG_WARN_OBJC_LITERAL_CONVERSION = YES;
				CLANG_WARN_OBJC_ROOT_CLASS = YES_ERROR;
				CLANG_WARN_RANGE_LOOP_ANALYSIS = YES;
				CLANG_WARN_STRICT_PROTOTYPES = YES;
				CLANG_WARN_SUSPICIOUS_MOVE = YES;
				CLANG_WARN_UNGUARDED_AVAILABILITY = YES_AGGRESSIVE;
				CLANG_WARN_UNREACHABLE_CODE = YES;
				CLANG_WARN__DUPLICATE_METHOD_MATCH = YES;
				CODE_SIGN_IDENTITY = "iPhone Developer";
				COPY_PHASE_STRIP = NO;
				DEBUG_INFORMATION_FORMAT = "dwarf-with-dsym";
				ENABLE_NS_ASSERTIONS = NO;
				ENABLE_STRICT_OBJC_MSGSEND = YES;
				GCC_C_LANGUAGE_STANDARD = gnu11;
				GCC_NO_COMMON_BLOCKS = YES;
				GCC_WARN_64_TO_32_BIT_CONVERSION = YES;
				GCC_WARN_ABOUT_RETURN_TYPE = YES_ERROR;
				GCC_WARN_UNDECLARED_SELECTOR = YES;
				GCC_WARN_UNINITIALIZED_AUTOS = YES_AGGRESSIVE;
				GCC_WARN_UNUSED_FUNCTION = YES;
				GCC_WARN_UNUSED_VARIABLE = YES;
				IPHONEOS_DEPLOYMENT_TARGET = 11.0;
				MTL_ENABLE_DEBUG_INFO = NO;
				SDKROOT = iphoneos;
				VALIDATE_PRODUCT = YES;
			};
			name = Release;
		};
		483A69F72118C163007B3B66 /* Debug */ = {
			isa = XCBuildConfiguration;
			baseConfigurationReference = 0E74271E367006276FB42C32 /* Pods-MobIndustry_TestProject.debug.xcconfig */;
			buildSettings = {
				ASSETCATALOG_COMPILER_APPICON_NAME = AppIcon;
				CODE_SIGN_STYLE = Automatic;
				DEVELOPMENT_TEAM = 487D8YHE27;
				INFOPLIST_FILE = "$(SRCROOT)/MobIndustry_TestProject/Default/Info.plist";
				IPHONEOS_DEPLOYMENT_TARGET = 11.0;
				LD_RUNPATH_SEARCH_PATHS = (
					"$(inherited)",
					"@executable_path/Frameworks",
				);
				PRODUCT_BUNDLE_IDENTIFIER = "com.sks.MobIndustry-TestProject";
				PRODUCT_NAME = "$(TARGET_NAME)";
				TARGETED_DEVICE_FAMILY = "1,2";
			};
			name = Debug;
		};
		483A69F82118C163007B3B66 /* Release */ = {
			isa = XCBuildConfiguration;
			baseConfigurationReference = 75DAF9E753064F21F6710C70 /* Pods-MobIndustry_TestProject.release.xcconfig */;
			buildSettings = {
				ASSETCATALOG_COMPILER_APPICON_NAME = AppIcon;
				CODE_SIGN_STYLE = Automatic;
				DEVELOPMENT_TEAM = 487D8YHE27;
				INFOPLIST_FILE = "$(SRCROOT)/MobIndustry_TestProject/Default/Info.plist";
				IPHONEOS_DEPLOYMENT_TARGET = 11.0;
				LD_RUNPATH_SEARCH_PATHS = (
					"$(inherited)",
					"@executable_path/Frameworks",
				);
				PRODUCT_BUNDLE_IDENTIFIER = "com.sks.MobIndustry-TestProject";
				PRODUCT_NAME = "$(TARGET_NAME)";
				TARGETED_DEVICE_FAMILY = "1,2";
			};
			name = Release;
		};
		483A69FA2118C163007B3B66 /* Debug */ = {
			isa = XCBuildConfiguration;
			baseConfigurationReference = BE8FF37C40F0609966AD0F79 /* Pods-MobIndustry_TestProjectTests.debug.xcconfig */;
			buildSettings = {
				BUNDLE_LOADER = "$(TEST_HOST)";
				CODE_SIGN_STYLE = Automatic;
				DEVELOPMENT_TEAM = 487D8YHE27;
				INFOPLIST_FILE = MobIndustry_TestProjectTests/Info.plist;
				LD_RUNPATH_SEARCH_PATHS = (
					"$(inherited)",
					"@executable_path/Frameworks",
					"@loader_path/Frameworks",
				);
				PRODUCT_BUNDLE_IDENTIFIER = "com.sks.MobIndustry-TestProjectTests";
				PRODUCT_NAME = "$(TARGET_NAME)";
				TARGETED_DEVICE_FAMILY = "1,2";
				TEST_HOST = "$(BUILT_PRODUCTS_DIR)/MobIndustry_TestProject.app/MobIndustry_TestProject";
			};
			name = Debug;
		};
		483A69FB2118C163007B3B66 /* Release */ = {
			isa = XCBuildConfiguration;
			baseConfigurationReference = 7C4D65423B1AB460300859AF /* Pods-MobIndustry_TestProjectTests.release.xcconfig */;
			buildSettings = {
				BUNDLE_LOADER = "$(TEST_HOST)";
				CODE_SIGN_STYLE = Automatic;
				DEVELOPMENT_TEAM = 487D8YHE27;
				INFOPLIST_FILE = MobIndustry_TestProjectTests/Info.plist;
				LD_RUNPATH_SEARCH_PATHS = (
					"$(inherited)",
					"@executable_path/Frameworks",
					"@loader_path/Frameworks",
				);
				PRODUCT_BUNDLE_IDENTIFIER = "com.sks.MobIndustry-TestProjectTests";
				PRODUCT_NAME = "$(TARGET_NAME)";
				TARGETED_DEVICE_FAMILY = "1,2";
				TEST_HOST = "$(BUILT_PRODUCTS_DIR)/MobIndustry_TestProject.app/MobIndustry_TestProject";
			};
			name = Release;
		};
		483A69FD2118C163007B3B66 /* Debug */ = {
			isa = XCBuildConfiguration;
			baseConfigurationReference = DB167A47BF0B4810584AB748 /* Pods-MobIndustry_TestProjectUITests.debug.xcconfig */;
			buildSettings = {
				CODE_SIGN_STYLE = Automatic;
				DEVELOPMENT_TEAM = 487D8YHE27;
				INFOPLIST_FILE = MobIndustry_TestProjectUITests/Info.plist;
				LD_RUNPATH_SEARCH_PATHS = (
					"$(inherited)",
					"@executable_path/Frameworks",
					"@loader_path/Frameworks",
				);
				PRODUCT_BUNDLE_IDENTIFIER = "com.sks.MobIndustry-TestProjectUITests";
				PRODUCT_NAME = "$(TARGET_NAME)";
				TARGETED_DEVICE_FAMILY = "1,2";
				TEST_TARGET_NAME = MobIndustry_TestProject;
			};
			name = Debug;
		};
		483A69FE2118C163007B3B66 /* Release */ = {
			isa = XCBuildConfiguration;
			baseConfigurationReference = E579227F13A89EBC93ECB231 /* Pods-MobIndustry_TestProjectUITests.release.xcconfig */;
			buildSettings = {
				CODE_SIGN_STYLE = Automatic;
				DEVELOPMENT_TEAM = 487D8YHE27;
				INFOPLIST_FILE = MobIndustry_TestProjectUITests/Info.plist;
				LD_RUNPATH_SEARCH_PATHS = (
					"$(inherited)",
					"@executable_path/Frameworks",
					"@loader_path/Frameworks",
				);
				PRODUCT_BUNDLE_IDENTIFIER = "com.sks.MobIndustry-TestProjectUITests";
				PRODUCT_NAME = "$(TARGET_NAME)";
				TARGETED_DEVICE_FAMILY = "1,2";
				TEST_TARGET_NAME = MobIndustry_TestProject;
			};
			name = Release;
		};
/* End XCBuildConfiguration section */

/* Begin XCConfigurationList section */
		483A69C52118C161007B3B66 /* Build configuration list for PBXProject "MobIndustry_TestProject" */ = {
			isa = XCConfigurationList;
			buildConfigurations = (
				483A69F42118C163007B3B66 /* Debug */,
				483A69F52118C163007B3B66 /* Release */,
			);
			defaultConfigurationIsVisible = 0;
			defaultConfigurationName = Release;
		};
		483A69F62118C163007B3B66 /* Build configuration list for PBXNativeTarget "MobIndustry_TestProject" */ = {
			isa = XCConfigurationList;
			buildConfigurations = (
				483A69F72118C163007B3B66 /* Debug */,
				483A69F82118C163007B3B66 /* Release */,
			);
			defaultConfigurationIsVisible = 0;
			defaultConfigurationName = Release;
		};
		483A69F92118C163007B3B66 /* Build configuration list for PBXNativeTarget "MobIndustry_TestProjectTests" */ = {
			isa = XCConfigurationList;
			buildConfigurations = (
				483A69FA2118C163007B3B66 /* Debug */,
				483A69FB2118C163007B3B66 /* Release */,
			);
			defaultConfigurationIsVisible = 0;
			defaultConfigurationName = Release;
		};
		483A69FC2118C163007B3B66 /* Build configuration list for PBXNativeTarget "MobIndustry_TestProjectUITests" */ = {
			isa = XCConfigurationList;
			buildConfigurations = (
				483A69FD2118C163007B3B66 /* Debug */,
				483A69FE2118C163007B3B66 /* Release */,
			);
			defaultConfigurationIsVisible = 0;
			defaultConfigurationName = Release;
		};
/* End XCConfigurationList section */
	};
	rootObject = 483A69C22118C161007B3B66 /* Project object */;
}
